
Microsoft Visual Studio Solution File, Format Version 12.00
# Visual Studio Version 17
VisualStudioVersion = 17.4.33205.214
MinimumVisualStudioVersion = 10.0.40219.1
Project("{FAE04EC0-301F-11D3-BF4B-00C04F79EFBC}") = "WebAppCSharp", "WebAppCSharp.csproj", "{814CEDEB-2BDB-43D9-9CEE-7CFC62BB255C}"
EndProject
Global
	GlobalSection(SolutionConfigurationPlatforms) = preSolution
		Debug|Any CPU = Debug|Any CPU
		Release|Any CPU = Release|Any CPU
	EndGlobalSection
	GlobalSection(ProjectConfigurationPlatforms) = postSolution
		{814CEDEB-2BDB-43D9-9CEE-7CFC62BB255C}.Debug|Any CPU.ActiveCfg = Debug|Any CPU
		{814CEDEB-2BDB-43D9-9CEE-7CFC62BB255C}.Debug|Any CPU.Build.0 = Debug|Any CPU
		{814CEDEB-2BDB-43D9-9CEE-7CFC62BB255C}.Release|Any CPU.ActiveCfg = Release|Any CPU
		{814CEDEB-2BDB-43D9-9CEE-7CFC62BB255C}.Release|Any CPU.Build.0 = Release|Any CPU
	EndGlobalSection
	GlobalSection(SolutionProperties) = preSolution
		HideSolutionNode = FALSE
	EndGlobalSection
	GlobalSection(ExtensibilityGlobals) = postSolution
		SolutionGuid = {B931AB8C-A38B-4736-8B1F-C834A1651E5B}
	EndGlobalSection
EndGlobal
